
Microsoft Visual Studio Solution File, Format Version 12.00
# Visual Studio Version 17
VisualStudioVersion = 17.6.33829.357
MinimumVisualStudioVersion = 10.0.40219.1
Project("{FAE04EC0-301F-11D3-BF4B-00C04F79EFBC}") = "Troll", "Troll.csproj", "{F8A3F434-D9A4-47E2-AC44-F84709392B49}"
EndProject
Global
	GlobalSection(SolutionConfigurationPlatforms) = preSolution
		Debug|Any CPU = Debug|Any CPU
		Release|Any CPU = Release|Any CPU
	EndGlobalSection
	GlobalSection(ProjectConfigurationPlatforms) = postSolution
		{F8A3F434-D9A4-47E2-AC44-F84709392B49}.Debug|Any CPU.ActiveCfg = Debug|Any CPU
		{F8A3F434-D9A4-47E2-AC44-F84709392B49}.Debug|Any CPU.Build.0 = Debug|Any CPU
		{F8A3F434-D9A4-47E2-AC44-F84709392B49}.Release|Any CPU.ActiveCfg = Release|Any CPU
		{F8A3F434-D9A4-47E2-AC44-F84709392B49}.Release|Any CPU.Build.0 = Release|Any CPU
	EndGlobalSection
	GlobalSection(SolutionProperties) = preSolution
		HideSolutionNode = FALSE
	EndGlobalSection
	GlobalSection(ExtensibilityGlobals) = postSolution
		SolutionGuid = {710CA47F-D253-4596-9441-F48A1FDB0836}
	EndGlobalSection
EndGlobal
